<?xml version="1.0" encoding="utf-8"?>
<Project ToolsVersion="4.0" xmlns="http://schemas.microsoft.com/developer/msbuild/2003">
  <ItemGroup>
    <Filter Include="ImGui">
      <UniqueIdentifier>{1480e7a2-9058-4539-81d7-afb30d8efa0c}</UniqueIdentifier>
    </Filter>
    <Filter Include="DirectX Hook">
      <UniqueIdentifier>{617e796f-5074-462e-9aef-0330d29b57b0}</UniqueIdentifier>
    </Filter>
    <Filter Include="DirectX Hook\MinHook">
      <UniqueIdentifier>{1835cbb2-7e0a-44dc-abb8-dec90bf52bd0}</UniqueIdentifier>
    </Filter>
    <Filter Include="DirectX Hook\MinHook\hde">
      <UniqueIdentifier>{6d1553c4-e7d3-4dbb-9957-9cbeddb4a71e}</UniqueIdentifier>
    </Filter>
    <Filter Include="Main">
      <UniqueIdentifier>{3305df39-fac0-49a0-b213-72e12b16c28a}</UniqueIdentifier>
    </Filter>
    <Filter Include="Menu">
      <UniqueIdentifier>{1f5a59a4-bd0e-4c49-9a81-e5143e697a45}</UniqueIdentifier>
    </Filter>
    <Filter Include="Fonts">
      <UniqueIdentifier>{0d0f6f23-b609-4a57-92f9-259b3f875f7a}</UniqueIdentifier>
    </Filter>
    <Filter Include="State">
      <UniqueIdentifier>{051cb08b-7701-4e36-abb1-e9f32602cb7b}</UniqueIdentifier>
    </Filter>
    <Filter Include="Objects">
      <UniqueIdentifier>{cfa6c5de-f681-4b86-b386-6c373a25e9a0}</UniqueIdentifier>
    </Filter>
    <Filter Include="Game Specific">
      <UniqueIdentifier>{37a03971-5edd-455a-815b-c17e31b74d62}</UniqueIdentifier>
    </Filter>
    <Filter Include="Base hooks">
      <UniqueIdentifier>{faaa7ca3-293c-4b88-b896-13e2770a682b}</UniqueIdentifier>
    </Filter>
    <Filter Include="Offsets">
      <UniqueIdentifier>{3cc465b4-690b-42f6-bf87-b70319e5f6b7}</UniqueIdentifier>
    </Filter>
    <Filter Include="Utils">
      <UniqueIdentifier>{5bccba34-87d7-433f-9bca-fb9b60da38f8}</UniqueIdentifier>
    </Filter>
    <Filter Include="Global">
      <UniqueIdentifier>{0dc70f2e-8089-497a-8248-6dcd0a61ba9a}</UniqueIdentifier>
    </Filter>
  </ItemGroup>
  <ItemGroup>
    <ClInclude Include="DirectX11.h">
      <Filter>DirectX Hook</Filter>
    </ClInclude>
    <ClInclude Include="..\Directories\MinHook\Src\buffer.h">
      <Filter>DirectX Hook\MinHook</Filter>
    </ClInclude>
    <ClInclude Include="..\Directories\MinHook\Src\trampoline.h">
      <Filter>DirectX Hook\MinHook</Filter>
    </ClInclude>
    <ClInclude Include="..\Directories\MinHook\Src\hde\hde32.h">
      <Filter>DirectX Hook\MinHook\hde</Filter>
    </ClInclude>
    <ClInclude Include="..\Directories\MinHook\Src\hde\hde64.h">
      <Filter>DirectX Hook\MinHook\hde</Filter>
    </ClInclude>
    <ClInclude Include="..\Directories\MinHook\Src\hde\pstdint.h">
      <Filter>DirectX Hook\MinHook\hde</Filter>
    </ClInclude>
    <ClInclude Include="..\Directories\MinHook\Src\hde\table32.h">
      <Filter>DirectX Hook\MinHook\hde</Filter>
    </ClInclude>
    <ClInclude Include="..\Directories\MinHook\Src\hde\table64.h">
      <Filter>DirectX Hook\MinHook\hde</Filter>
    </ClInclude>
    <ClInclude Include="..\Directories\ImGui\imconfig.h">
      <Filter>ImGui</Filter>
    </ClInclude>
    <ClInclude Include="..\Directories\ImGui\imgui.h">
      <Filter>ImGui</Filter>
    </ClInclude>
    <ClInclude Include="..\Directories\ImGui\imgui_impl_dx11.h">
      <Filter>ImGui</Filter>
    </ClInclude>
    <ClInclude Include="..\Directories\ImGui\imgui_impl_win32.h">
      <Filter>ImGui</Filter>
    </ClInclude>
    <ClInclude Include="..\Directories\ImGui\imgui_internal.h">
      <Filter>ImGui</Filter>
    </ClInclude>
    <ClInclude Include="..\Directories\ImGui\imstb_rectpack.h">
      <Filter>ImGui</Filter>
    </ClInclude>
    <ClInclude Include="..\Directories\ImGui\imstb_textedit.h">
      <Filter>ImGui</Filter>
    </ClInclude>
    <ClInclude Include="..\Directories\ImGui\imstb_truetype.h">
      <Filter>ImGui</Filter>
    </ClInclude>
    <ClInclude Include="Boss.h">
      <Filter>Objects</Filter>
    </ClInclude>
    <ClInclude Include="Game.h">
      <Filter>Objects</Filter>
    </ClInclude>
    <ClInclude Include="Menu.h">
      <Filter>Menu</Filter>
    </ClInclude>
    <ClInclude Include="imgui_helpers.h">
      <Filter>ImGui</Filter>
    </ClInclude>
    <ClInclude Include="State.h">
      <Filter>State</Filter>
    </ClInclude>
    <ClInclude Include="imgui_notify.h">
      <Filter>ImGui</Filter>
    </ClInclude>
    <ClInclude Include="fa_solid_900.h">
      <Filter>Fonts</Filter>
    </ClInclude>
    <ClInclude Include="font_awesome_5.h">
      <Filter>Fonts</Filter>
    </ClInclude>
    <ClInclude Include="tahoma.h">
      <Filter>Fonts</Filter>
    </ClInclude>
    <ClInclude Include="BossTimeStamp.h">
      <Filter>Objects</Filter>
    </ClInclude>
    <ClInclude Include="Pause.h">
      <Filter>Objects</Filter>
    </ClInclude>
    <ClInclude Include="dllmain.h">
      <Filter>Main</Filter>
    </ClInclude>
    <ClInclude Include="DarkSouls3.h">
      <Filter>Game Specific</Filter>
    </ClInclude>
    <ClInclude Include="FunctionDefinitions.h">
      <Filter>Base hooks</Filter>
    </ClInclude>
    <ClInclude Include="Fonts.h">
      <Filter>Fonts</Filter>
    </ClInclude>
    <ClInclude Include="Process.h">
      <Filter>Utils</Filter>
    </ClInclude>
    <ClInclude Include="Offsets.h">
      <Filter>Offsets</Filter>
    </ClInclude>
    <ClInclude Include="GameSpecific.h">
      <Filter>Game Specific</Filter>
    </ClInclude>
    <ClInclude Include="GameFunctionDefinitions.h">
      <Filter>Game Specific</Filter>
    </ClInclude>
    <ClInclude Include="Global.h">
      <Filter>Global</Filter>
    </ClInclude>
    <ClInclude Include="DirectX11Interface.h">
      <Filter>Base hooks</Filter>
    </ClInclude>
    <ClInclude Include="VkCodes.h">
      <Filter>Utils</Filter>
    </ClInclude>
    <ClInclude Include="SaveHandler.h">
      <Filter>Utils</Filter>
    </ClInclude>
  </ItemGroup>
  <ItemGroup>
    <ClCompile Include="..\Directories\MinHook\Src\buffer.c">
      <Filter>DirectX Hook\MinHook</Filter>
    </ClCompile>
    <ClCompile Include="..\Directories\MinHook\Src\hook.c">
      <Filter>DirectX Hook\MinHook</Filter>
    </ClCompile>
    <ClCompile Include="..\Directories\MinHook\Src\trampoline.c">
      <Filter>DirectX Hook\MinHook</Filter>
    </ClCompile>
    <ClCompile Include="..\Directories\MinHook\Src\hde\hde32.c">
      <Filter>DirectX Hook\MinHook\hde</Filter>
    </ClCompile>
    <ClCompile Include="..\Directories\MinHook\Src\hde\hde64.c">
      <Filter>DirectX Hook\MinHook\hde</Filter>
    </ClCompile>
    <ClCompile Include="..\Directories\ImGui\imgui.cpp">
      <Filter>ImGui</Filter>
    </ClCompile>
    <ClCompile Include="..\Directories\ImGui\imgui_demo.cpp">
      <Filter>ImGui</Filter>
    </ClCompile>
    <ClCompile Include="..\Directories\ImGui\imgui_draw.cpp">
      <Filter>ImGui</Filter>
    </ClCompile>
    <ClCompile Include="..\Directories\ImGui\imgui_impl_dx11.cpp">
      <Filter>ImGui</Filter>
    </ClCompile>
    <ClCompile Include="..\Directories\ImGui\imgui_impl_win32.cpp">
      <Filter>ImGui</Filter>
    </ClCompile>
    <ClCompile Include="..\Directories\ImGui\imgui_tables.cpp">
      <Filter>ImGui</Filter>
    </ClCompile>
    <ClCompile Include="..\Directories\ImGui\imgui_widgets.cpp">
      <Filter>ImGui</Filter>
    </ClCompile>
    <ClCompile Include="Menu.cpp">
      <Filter>Menu</Filter>
    </ClCompile>
    <ClCompile Include="roboto.h">
      <Filter>Fonts</Filter>
    </ClCompile>
    <ClCompile Include="garamond.h">
      <Filter>Fonts</Filter>
    </ClCompile>
    <ClCompile Include="Boss.cpp">
      <Filter>Objects</Filter>
    </ClCompile>
    <ClCompile Include="Game.cpp">
      <Filter>Objects</Filter>
    </ClCompile>
    <ClCompile Include="Pause.cpp">
      <Filter>Objects</Filter>
    </ClCompile>
    <ClCompile Include="dllmain.cpp">
      <Filter>Main</Filter>
    </ClCompile>
    <ClCompile Include="MovementHooks.h">
      <Filter>Base hooks</Filter>
    </ClCompile>
    <ClCompile Include="GraphicsHook.h">
      <Filter>Base hooks</Filter>
    </ClCompile>
    <ClCompile Include="GraphicsHook.cpp">
      <Filter>Base hooks</Filter>
    </ClCompile>
    <ClCompile Include="MovementHooks.cpp">
      <Filter>Base hooks</Filter>
    </ClCompile>
    <ClCompile Include="DarkSouls3.cpp">
      <Filter>Game Specific</Filter>
    </ClCompile>
    <ClCompile Include="SaveHandler.cpp">
      <Filter>Utils</Filter>
    </ClCompile>
  </ItemGroup>
</Project>